
Microsoft Visual Studio Solution File, Format Version 12.00
# Visual Studio 15
Project("{FAE04EC0-301F-11D3-BF4B-00C04F79EFBC}") = "team202-sixsix", "team202-sixsix.csproj", "{0A73228F-D104-11BD-3AB5-7B86F249BE04}"
EndProject
Global
	GlobalSection(SolutionConfigurationPlatforms) = preSolution
		Debug|Any CPU = Debug|Any CPU
		Release|Any CPU = Release|Any CPU
	EndGlobalSection
	GlobalSection(ProjectConfigurationPlatforms) = postSolution
		{0A73228F-D104-11BD-3AB5-7B86F249BE04}.Debug|Any CPU.ActiveCfg = Debug|Any CPU
		{0A73228F-D104-11BD-3AB5-7B86F249BE04}.Debug|Any CPU.Build.0 = Debug|Any CPU
		{0A73228F-D104-11BD-3AB5-7B86F249BE04}.Release|Any CPU.ActiveCfg = Release|Any CPU
		{0A73228F-D104-11BD-3AB5-7B86F249BE04}.Release|Any CPU.Build.0 = Release|Any CPU
	EndGlobalSection
	GlobalSection(SolutionProperties) = preSolution
		HideSolutionNode = FALSE
	EndGlobalSection
EndGlobal
