
Microsoft Visual Studio Solution File, Format Version 12.00
# Visual Studio 15
Project("{FAE04EC0-301F-11D3-BF4B-00C04F79EFBC}") = "team202-sixsix-master", "team202-sixsix-master.csproj", "{CC9FCAAE-E3F3-4CBA-5849-429799EAFE9C}"
EndProject
Project("{FAE04EC0-301F-11D3-BF4B-00C04F79EFBC}") = "team202-sixsix-master.Editor", "team202-sixsix-master.Editor.csproj", "{305C1709-4CD9-1789-563E-AA75EFA49F87}"
EndProject
Global
	GlobalSection(SolutionConfigurationPlatforms) = preSolution
		Debug|Any CPU = Debug|Any CPU
		Release|Any CPU = Release|Any CPU
	EndGlobalSection
	GlobalSection(ProjectConfigurationPlatforms) = postSolution
		{CC9FCAAE-E3F3-4CBA-5849-429799EAFE9C}.Debug|Any CPU.ActiveCfg = Debug|Any CPU
		{CC9FCAAE-E3F3-4CBA-5849-429799EAFE9C}.Debug|Any CPU.Build.0 = Debug|Any CPU
		{CC9FCAAE-E3F3-4CBA-5849-429799EAFE9C}.Release|Any CPU.ActiveCfg = Release|Any CPU
		{CC9FCAAE-E3F3-4CBA-5849-429799EAFE9C}.Release|Any CPU.Build.0 = Release|Any CPU
		{305C1709-4CD9-1789-563E-AA75EFA49F87}.Debug|Any CPU.ActiveCfg = Debug|Any CPU
		{305C1709-4CD9-1789-563E-AA75EFA49F87}.Debug|Any CPU.Build.0 = Debug|Any CPU
		{305C1709-4CD9-1789-563E-AA75EFA49F87}.Release|Any CPU.ActiveCfg = Release|Any CPU
		{305C1709-4CD9-1789-563E-AA75EFA49F87}.Release|Any CPU.Build.0 = Release|Any CPU
	EndGlobalSection
	GlobalSection(SolutionProperties) = preSolution
		HideSolutionNode = FALSE
	EndGlobalSection
EndGlobal
