
<<<<<<< HEAD
Microsoft Visual Studio Solution File, Format Version 11.00
# Visual Studio 2010
Project("{FAE04EC0-301F-11D3-BF4B-00C04F79EFBC}") = "team202-sixsix", "com.unity.postprocessing.Runtime.csproj", "{9C82AF48-1B92-F268-6E1F-6FF4F9517E07}"
EndProject
Project("{FAE04EC0-301F-11D3-BF4B-00C04F79EFBC}") = "team202-sixsix", "Assembly-CSharp.csproj", "{78A9E114-C558-47B2-BFC2-03FDD5B0B716}"
=======
Microsoft Visual Studio Solution File, Format Version 12.00
# Visual Studio 15
Project("{FAE04EC0-301F-11D3-BF4B-00C04F79EFBC}") = "com.unity.postprocessing.Runtime", "com.unity.postprocessing.Runtime.csproj", "{43CE4B77-0ED1-06DF-D6D8-916516C0693A}"
EndProject
Project("{FAE04EC0-301F-11D3-BF4B-00C04F79EFBC}") = "team202-sixsix", "team202-sixsix.csproj", "{0A73228F-D104-11BD-3AB5-7B86F249BE04}"
EndProject
Project("{FAE04EC0-301F-11D3-BF4B-00C04F79EFBC}") = "com.unity.postprocessing.Editor", "com.unity.postprocessing.Editor.csproj", "{8C3967EF-EA5C-CD2A-F191-ADB2A5FEC7D2}"
>>>>>>> 35501e4e8f1a2708bf879c1f799b789b44a1adb6
EndProject
Project("{FAE04EC0-301F-11D3-BF4B-00C04F79EFBC}") = "team202-sixsix.Editor", "team202-sixsix.Editor.csproj", "{BE60747D-4CDE-D06C-8A89-49690EC8F011}"
EndProject
Project("{FAE04EC0-301F-11D3-BF4B-00C04F79EFBC}") = "team202-sixsix", "Assembly-CSharp-Editor.csproj", "{4A37CFDD-6F57-2E7E-BF5C-AE2017454367}"
EndProject
Global
	GlobalSection(SolutionConfigurationPlatforms) = preSolution
		Debug|Any CPU = Debug|Any CPU
		Release|Any CPU = Release|Any CPU
	EndGlobalSection
	GlobalSection(ProjectConfigurationPlatforms) = postSolution
<<<<<<< HEAD
		{9C82AF48-1B92-F268-6E1F-6FF4F9517E07}.Debug|Any CPU.ActiveCfg = Debug|Any CPU
		{9C82AF48-1B92-F268-6E1F-6FF4F9517E07}.Debug|Any CPU.Build.0 = Debug|Any CPU
		{9C82AF48-1B92-F268-6E1F-6FF4F9517E07}.Release|Any CPU.ActiveCfg = Release|Any CPU
		{9C82AF48-1B92-F268-6E1F-6FF4F9517E07}.Release|Any CPU.Build.0 = Release|Any CPU
		{78A9E114-C558-47B2-BFC2-03FDD5B0B716}.Debug|Any CPU.ActiveCfg = Debug|Any CPU
		{78A9E114-C558-47B2-BFC2-03FDD5B0B716}.Debug|Any CPU.Build.0 = Debug|Any CPU
		{78A9E114-C558-47B2-BFC2-03FDD5B0B716}.Release|Any CPU.ActiveCfg = Release|Any CPU
		{78A9E114-C558-47B2-BFC2-03FDD5B0B716}.Release|Any CPU.Build.0 = Release|Any CPU
		{687A1883-765B-EE33-BDA2-6C88637C5F0C}.Debug|Any CPU.ActiveCfg = Debug|Any CPU
		{687A1883-765B-EE33-BDA2-6C88637C5F0C}.Debug|Any CPU.Build.0 = Debug|Any CPU
		{687A1883-765B-EE33-BDA2-6C88637C5F0C}.Release|Any CPU.ActiveCfg = Release|Any CPU
		{687A1883-765B-EE33-BDA2-6C88637C5F0C}.Release|Any CPU.Build.0 = Release|Any CPU
		{4A37CFDD-6F57-2E7E-BF5C-AE2017454367}.Debug|Any CPU.ActiveCfg = Debug|Any CPU
		{4A37CFDD-6F57-2E7E-BF5C-AE2017454367}.Debug|Any CPU.Build.0 = Debug|Any CPU
		{4A37CFDD-6F57-2E7E-BF5C-AE2017454367}.Release|Any CPU.ActiveCfg = Release|Any CPU
		{4A37CFDD-6F57-2E7E-BF5C-AE2017454367}.Release|Any CPU.Build.0 = Release|Any CPU
=======
		{43CE4B77-0ED1-06DF-D6D8-916516C0693A}.Debug|Any CPU.ActiveCfg = Debug|Any CPU
		{43CE4B77-0ED1-06DF-D6D8-916516C0693A}.Debug|Any CPU.Build.0 = Debug|Any CPU
		{43CE4B77-0ED1-06DF-D6D8-916516C0693A}.Release|Any CPU.ActiveCfg = Release|Any CPU
		{43CE4B77-0ED1-06DF-D6D8-916516C0693A}.Release|Any CPU.Build.0 = Release|Any CPU
		{0A73228F-D104-11BD-3AB5-7B86F249BE04}.Debug|Any CPU.ActiveCfg = Debug|Any CPU
		{0A73228F-D104-11BD-3AB5-7B86F249BE04}.Debug|Any CPU.Build.0 = Debug|Any CPU
		{0A73228F-D104-11BD-3AB5-7B86F249BE04}.Release|Any CPU.ActiveCfg = Release|Any CPU
		{0A73228F-D104-11BD-3AB5-7B86F249BE04}.Release|Any CPU.Build.0 = Release|Any CPU
		{8C3967EF-EA5C-CD2A-F191-ADB2A5FEC7D2}.Debug|Any CPU.ActiveCfg = Debug|Any CPU
		{8C3967EF-EA5C-CD2A-F191-ADB2A5FEC7D2}.Debug|Any CPU.Build.0 = Debug|Any CPU
		{8C3967EF-EA5C-CD2A-F191-ADB2A5FEC7D2}.Release|Any CPU.ActiveCfg = Release|Any CPU
		{8C3967EF-EA5C-CD2A-F191-ADB2A5FEC7D2}.Release|Any CPU.Build.0 = Release|Any CPU
		{BE60747D-4CDE-D06C-8A89-49690EC8F011}.Debug|Any CPU.ActiveCfg = Debug|Any CPU
		{BE60747D-4CDE-D06C-8A89-49690EC8F011}.Debug|Any CPU.Build.0 = Debug|Any CPU
		{BE60747D-4CDE-D06C-8A89-49690EC8F011}.Release|Any CPU.ActiveCfg = Release|Any CPU
		{BE60747D-4CDE-D06C-8A89-49690EC8F011}.Release|Any CPU.Build.0 = Release|Any CPU
>>>>>>> 35501e4e8f1a2708bf879c1f799b789b44a1adb6
	EndGlobalSection
	GlobalSection(SolutionProperties) = preSolution
		HideSolutionNode = FALSE
	EndGlobalSection
EndGlobal
